// !$*UTF8*$!
{
	archiveVersion = 1;
	classes = {
	};
	objectVersion = 50;
	objects = {

/* Begin PBXBuildFile section */
		5368A80521739D0D00EAA540 /* TextureManager.cpp in Sources */ = {isa = PBXBuildFile; fileRef = 5368A80421739D0D00EAA540 /* TextureManager.cpp */; };
		5368A80821739F3800EAA540 /* GameObject.cpp in Sources */ = {isa = PBXBuildFile; fileRef = 5368A80621739F3800EAA540 /* GameObject.cpp */; };
		53B166EA216F16F8007B082C /* Game.cpp in Sources */ = {isa = PBXBuildFile; fileRef = 53B166E8216F16F8007B082C /* Game.cpp */; };
		53C0188C216E57E600FD5DEA /* main.cpp in Sources */ = {isa = PBXBuildFile; fileRef = 53C0188B216E57E600FD5DEA /* main.cpp */; };
		53C01894216E589600FD5DEA /* SDL2.framework in Frameworks */ = {isa = PBXBuildFile; fileRef = 53C01893216E589600FD5DEA /* SDL2.framework */; };
		53C82A4621700AAD002DD2A0 /* SDL2_image.framework in Frameworks */ = {isa = PBXBuildFile; fileRef = 53C82A4521700AAD002DD2A0 /* SDL2_image.framework */; };
		53D9573B2176A2F800686BB3 /* Mapa.cpp in Sources */ = {isa = PBXBuildFile; fileRef = 53D957392176A2F800686BB3 /* Mapa.cpp */; };
/* End PBXBuildFile section */

/* Begin PBXCopyFilesBuildPhase section */
		53C01886216E57E600FD5DEA /* CopyFiles */ = {
			isa = PBXCopyFilesBuildPhase;
			buildActionMask = 2147483647;
			dstPath = /usr/share/man/man1/;
			dstSubfolderSpec = 0;
			files = (
			);
			runOnlyForDeploymentPostprocessing = 1;
		};
/* End PBXCopyFilesBuildPhase section */

/* Begin PBXFileReference section */
		5368A801217399AC00EAA540 /* TextureManager.h */ = {isa = PBXFileReference; lastKnownFileType = sourcecode.c.h; path = TextureManager.h; sourceTree = "<group>"; };
		5368A80321739A8F00EAA540 /* Game.h */ = {isa = PBXFileReference; lastKnownFileType = sourcecode.c.h; path = Game.h; sourceTree = "<group>"; };
		5368A80421739D0D00EAA540 /* TextureManager.cpp */ = {isa = PBXFileReference; lastKnownFileType = sourcecode.cpp.cpp; path = TextureManager.cpp; sourceTree = "<group>"; };
		5368A80621739F3800EAA540 /* GameObject.cpp */ = {isa = PBXFileReference; lastKnownFileType = sourcecode.cpp.cpp; path = GameObject.cpp; sourceTree = "<group>"; };
		5368A80721739F3800EAA540 /* GameObject.h */ = {isa = PBXFileReference; lastKnownFileType = sourcecode.c.h; path = GameObject.h; sourceTree = "<group>"; };
		53B166E8216F16F8007B082C /* Game.cpp */ = {isa = PBXFileReference; lastKnownFileType = sourcecode.cpp.cpp; path = Game.cpp; sourceTree = "<group>"; };
		53B166EB216F1803007B082C /* DEFINITIONS.h */ = {isa = PBXFileReference; lastKnownFileType = sourcecode.c.h; path = DEFINITIONS.h; sourceTree = "<group>"; };
		53C01888216E57E600FD5DEA /* SDL_Window_Test */ = {isa = PBXFileReference; explicitFileType = "compiled.mach-o.executable"; includeInIndex = 0; path = SDL_Window_Test; sourceTree = BUILT_PRODUCTS_DIR; };
		53C0188B216E57E600FD5DEA /* main.cpp */ = {isa = PBXFileReference; lastKnownFileType = sourcecode.cpp.cpp; path = main.cpp; sourceTree = "<group>"; };
		53C01893216E589600FD5DEA /* SDL2.framework */ = {isa = PBXFileReference; lastKnownFileType = wrapper.framework; name = SDL2.framework; path = ../../../../Library/Frameworks/SDL2.framework; sourceTree = "<group>"; };
		53C82A4521700AAD002DD2A0 /* SDL2_image.framework */ = {isa = PBXFileReference; lastKnownFileType = wrapper.framework; name = SDL2_image.framework; path = ../../../../Library/Frameworks/SDL2_image.framework; sourceTree = "<group>"; };
		53C82A4721701397002DD2A0 /* assets */ = {isa = PBXFileReference; lastKnownFileType = folder; path = assets; sourceTree = "<group>"; };
		53D957392176A2F800686BB3 /* Mapa.cpp */ = {isa = PBXFileReference; lastKnownFileType = sourcecode.cpp.cpp; path = Mapa.cpp; sourceTree = "<group>"; };
		53D9573A2176A2F800686BB3 /* Mapa.h */ = {isa = PBXFileReference; lastKnownFileType = sourcecode.c.h; path = Mapa.h; sourceTree = "<group>"; };
/* End PBXFileReference section */

/* Begin PBXFrameworksBuildPhase section */
		53C01885216E57E600FD5DEA /* Frameworks */ = {
			isa = PBXFrameworksBuildPhase;
			buildActionMask = 2147483647;
			files = (
				53C82A4621700AAD002DD2A0 /* SDL2_image.framework in Frameworks */,
				53C01894216E589600FD5DEA /* SDL2.framework in Frameworks */,
			);
			runOnlyForDeploymentPostprocessing = 0;
		};
/* End PBXFrameworksBuildPhase section */

/* Begin PBXGroup section */
		53C0187F216E57E600FD5DEA = {
			isa = PBXGroup;
			children = (
				53C82A4721701397002DD2A0 /* assets */,
				53C0188A216E57E600FD5DEA /* SDL_Window_Test */,
				53C01889216E57E600FD5DEA /* Products */,
				53C01892216E589500FD5DEA /* Frameworks */,
			);
			sourceTree = "<group>";
		};
		53C01889216E57E600FD5DEA /* Products */ = {
			isa = PBXGroup;
			children = (
				53C01888216E57E600FD5DEA /* SDL_Window_Test */,
			);
			name = Products;
			sourceTree = "<group>";
		};
		53C0188A216E57E600FD5DEA /* SDL_Window_Test */ = {
			isa = PBXGroup;
			children = (
				53D957392176A2F800686BB3 /* Mapa.cpp */,
				53D9573A2176A2F800686BB3 /* Mapa.h */,
				5368A80621739F3800EAA540 /* GameObject.cpp */,
				5368A80721739F3800EAA540 /* GameObject.h */,
				5368A80421739D0D00EAA540 /* TextureManager.cpp */,
				5368A80321739A8F00EAA540 /* Game.h */,
				53B166E8216F16F8007B082C /* Game.cpp */,
				5368A801217399AC00EAA540 /* TextureManager.h */,
				53B166EB216F1803007B082C /* DEFINITIONS.h */,
				53C0188B216E57E600FD5DEA /* main.cpp */,
			);
			path = SDL_Window_Test;
			sourceTree = "<group>";
		};
		53C01892216E589500FD5DEA /* Frameworks */ = {
			isa = PBXGroup;
			children = (
				53C82A4521700AAD002DD2A0 /* SDL2_image.framework */,
				53C01893216E589600FD5DEA /* SDL2.framework */,
			);
			name = Frameworks;
			sourceTree = "<group>";
		};
/* End PBXGroup section */

/* Begin PBXNativeTarget section */
		53C01887216E57E600FD5DEA /* SDL_Window_Test */ = {
			isa = PBXNativeTarget;
			buildConfigurationList = 53C0188F216E57E600FD5DEA /* Build configuration list for PBXNativeTarget "SDL_Window_Test" */;
			buildPhases = (
				53C01884216E57E600FD5DEA /* Sources */,
				53C01885216E57E600FD5DEA /* Frameworks */,
				53C01886216E57E600FD5DEA /* CopyFiles */,
			);
			buildRules = (
			);
			dependencies = (
			);
			name = SDL_Window_Test;
			productName = SDL_Window_Test;
			productReference = 53C01888216E57E600FD5DEA /* SDL_Window_Test */;
			productType = "com.apple.product-type.tool";
		};
/* End PBXNativeTarget section */

/* Begin PBXProject section */
		53C01880216E57E600FD5DEA /* Project object */ = {
			isa = PBXProject;
			attributes = {
				LastUpgradeCheck = 1000;
				ORGANIZATIONNAME = "Josue Chaves";
				TargetAttributes = {
					53C01887216E57E600FD5DEA = {
						CreatedOnToolsVersion = 10.0;
					};
				};
			};
			buildConfigurationList = 53C01883216E57E600FD5DEA /* Build configuration list for PBXProject "SDL_Window_Test" */;
			compatibilityVersion = "Xcode 9.3";
			developmentRegion = en;
			hasScannedForEncodings = 0;
			knownRegions = (
				en,
			);
			mainGroup = 53C0187F216E57E600FD5DEA;
			productRefGroup = 53C01889216E57E600FD5DEA /* Products */;
			projectDirPath = "";
			projectRoot = "";
			targets = (
				53C01887216E57E600FD5DEA /* SDL_Window_Test */,
			);
		};
/* End PBXProject section */

/* Begin PBXSourcesBuildPhase section */
		53C01884216E57E600FD5DEA /* Sources */ = {
			isa = PBXSourcesBuildPhase;
			buildActionMask = 2147483647;
			files = (
				5368A80821739F3800EAA540 /* GameObject.cpp in Sources */,
				53C0188C216E57E600FD5DEA /* main.cpp in Sources */,
				53B166EA216F16F8007B082C /* Game.cpp in Sources */,
				5368A80521739D0D00EAA540 /* TextureManager.cpp in Sources */,
				53D9573B2176A2F800686BB3 /* Mapa.cpp in Sources */,
			);
			runOnlyForDeploymentPostprocessing = 0;
		};
/* End PBXSourcesBuildPhase section */

/* Begin XCBuildConfiguration section */
		53C0188D216E57E600FD5DEA /* Debug */ = {
			isa = XCBuildConfiguration;
			buildSettings = {
				ALWAYS_SEARCH_USER_PATHS = NO;
				CLANG_ANALYZER_NONNULL = YES;
				CLANG_ANALYZER_NUMBER_OBJECT_CONVERSION = YES_AGGRESSIVE;
				CLANG_CXX_LANGUAGE_STANDARD = "gnu++14";
				CLANG_CXX_LIBRARY = "libc++";
				CLANG_ENABLE_MODULES = YES;
				CLANG_ENABLE_OBJC_ARC = YES;
				CLANG_ENABLE_OBJC_WEAK = YES;
				CLANG_WARN_BLOCK_CAPTURE_AUTORELEASING = YES;
				CLANG_WARN_BOOL_CONVERSION = YES;
				CLANG_WARN_COMMA = YES;
				CLANG_WARN_CONSTANT_CONVERSION = YES;
				CLANG_WARN_DEPRECATED_OBJC_IMPLEMENTATIONS = YES;
				CLANG_WARN_DIRECT_OBJC_ISA_USAGE = YES_ERROR;
				CLANG_WARN_DOCUMENTATION_COMMENTS = YES;
				CLANG_WARN_EMPTY_BODY = YES;
				CLANG_WARN_ENUM_CONVERSION = YES;
				CLANG_WARN_INFINITE_RECURSION = YES;
				CLANG_WARN_INT_CONVERSION = YES;
				CLANG_WARN_NON_LITERAL_NULL_CONVERSION = YES;
				CLANG_WARN_OBJC_IMPLICIT_RETAIN_SELF = YES;
				CLANG_WARN_OBJC_LITERAL_CONVERSION = YES;
				CLANG_WARN_OBJC_ROOT_CLASS = YES_ERROR;
				CLANG_WARN_RANGE_LOOP_ANALYSIS = YES;
				CLANG_WARN_STRICT_PROTOTYPES = YES;
				CLANG_WARN_SUSPICIOUS_MOVE = YES;
				CLANG_WARN_UNGUARDED_AVAILABILITY = YES_AGGRESSIVE;
				CLANG_WARN_UNREACHABLE_CODE = YES;
				CLANG_WARN__DUPLICATE_METHOD_MATCH = YES;
				CODE_SIGN_IDENTITY = "-";
				COPY_PHASE_STRIP = NO;
				DEBUG_INFORMATION_FORMAT = dwarf;
				ENABLE_STRICT_OBJC_MSGSEND = YES;
				ENABLE_TESTABILITY = YES;
				GCC_C_LANGUAGE_STANDARD = gnu11;
				GCC_DYNAMIC_NO_PIC = NO;
				GCC_NO_COMMON_BLOCKS = YES;
				GCC_OPTIMIZATION_LEVEL = 0;
				GCC_PREPROCESSOR_DEFINITIONS = (
					"DEBUG=1",
					"$(inherited)",
				);
				GCC_WARN_64_TO_32_BIT_CONVERSION = YES;
				GCC_WARN_ABOUT_RETURN_TYPE = YES_ERROR;
				GCC_WARN_UNDECLARED_SELECTOR = YES;
				GCC_WARN_UNINITIALIZED_AUTOS = YES_AGGRESSIVE;
				GCC_WARN_UNUSED_FUNCTION = YES;
				GCC_WARN_UNUSED_VARIABLE = YES;
				MACOSX_DEPLOYMENT_TARGET = 10.14;
				MTL_ENABLE_DEBUG_INFO = INCLUDE_SOURCE;
				MTL_FAST_MATH = YES;
				ONLY_ACTIVE_ARCH = YES;
				SDKROOT = macosx;
			};
			name = Debug;
		};
		53C0188E216E57E600FD5DEA /* Release */ = {
			isa = XCBuildConfiguration;
			buildSettings = {
				ALWAYS_SEARCH_USER_PATHS = NO;
				CLANG_ANALYZER_NONNULL = YES;
				CLANG_ANALYZER_NUMBER_OBJECT_CONVERSION = YES_AGGRESSIVE;
				CLANG_CXX_LANGUAGE_STANDARD = "gnu++14";
				CLANG_CXX_LIBRARY = "libc++";
				CLANG_ENABLE_MODULES = YES;
				CLANG_ENABLE_OBJC_ARC = YES;
				CLANG_ENABLE_OBJC_WEAK = YES;
				CLANG_WARN_BLOCK_CAPTURE_AUTORELEASING = YES;
				CLANG_WARN_BOOL_CONVERSION = YES;
				CLANG_WARN_COMMA = YES;
				CLANG_WARN_CONSTANT_CONVERSION = YES;
				CLANG_WARN_DEPRECATED_OBJC_IMPLEMENTATIONS = YES;
				CLANG_WARN_DIRECT_OBJC_ISA_USAGE = YES_ERROR;
				CLANG_WARN_DOCUMENTATION_COMMENTS = YES;
				CLANG_WARN_EMPTY_BODY = YES;
				CLANG_WARN_ENUM_CONVERSION = YES;
				CLANG_WARN_INFINITE_RECURSION = YES;
				CLANG_WARN_INT_CONVERSION = YES;
				CLANG_WARN_NON_LITERAL_NULL_CONVERSION = YES;
				CLANG_WARN_OBJC_IMPLICIT_RETAIN_SELF = YES;
				CLANG_WARN_OBJC_LITERAL_CONVERSION = YES;
				CLANG_WARN_OBJC_ROOT_CLASS = YES_ERROR;
				CLANG_WARN_RANGE_LOOP_ANALYSIS = YES;
				CLANG_WARN_STRICT_PROTOTYPES = YES;
				CLANG_WARN_SUSPICIOUS_MOVE = YES;
				CLANG_WARN_UNGUARDED_AVAILABILITY = YES_AGGRESSIVE;
				CLANG_WARN_UNREACHABLE_CODE = YES;
				CLANG_WARN__DUPLICATE_METHOD_MATCH = YES;
				CODE_SIGN_IDENTITY = "-";
				COPY_PHASE_STRIP = NO;
				DEBUG_INFORMATION_FORMAT = "dwarf-with-dsym";
				ENABLE_NS_ASSERTIONS = NO;
				ENABLE_STRICT_OBJC_MSGSEND = YES;
				GCC_C_LANGUAGE_STANDARD = gnu11;
				GCC_NO_COMMON_BLOCKS = YES;
				GCC_WARN_64_TO_32_BIT_CONVERSION = YES;
				GCC_WARN_ABOUT_RETURN_TYPE = YES_ERROR;
				GCC_WARN_UNDECLARED_SELECTOR = YES;
				GCC_WARN_UNINITIALIZED_AUTOS = YES_AGGRESSIVE;
				GCC_WARN_UNUSED_FUNCTION = YES;
				GCC_WARN_UNUSED_VARIABLE = YES;
				MACOSX_DEPLOYMENT_TARGET = 10.14;
				MTL_ENABLE_DEBUG_INFO = NO;
				MTL_FAST_MATH = YES;
				SDKROOT = macosx;
			};
			name = Release;
		};
		53C01890216E57E600FD5DEA /* Debug */ = {
			isa = XCBuildConfiguration;
			buildSettings = {
				CODE_SIGN_STYLE = Automatic;
				FRAMEWORK_SEARCH_PATHS = (
					"$(inherited)",
					"$(LOCAL_LIBRARY_DIR)/Frameworks",
				);
				PRODUCT_NAME = "$(TARGET_NAME)";
			};
			name = Debug;
		};
		53C01891216E57E600FD5DEA /* Release */ = {
			isa = XCBuildConfiguration;
			buildSettings = {
				CODE_SIGN_STYLE = Automatic;
				FRAMEWORK_SEARCH_PATHS = (
					"$(inherited)",
					"$(LOCAL_LIBRARY_DIR)/Frameworks",
				);
				PRODUCT_NAME = "$(TARGET_NAME)";
			};
			name = Release;
		};
/* End XCBuildConfiguration section */

/* Begin XCConfigurationList section */
		53C01883216E57E600FD5DEA /* Build configuration list for PBXProject "SDL_Window_Test" */ = {
			isa = XCConfigurationList;
			buildConfigurations = (
				53C0188D216E57E600FD5DEA /* Debug */,
				53C0188E216E57E600FD5DEA /* Release */,
			);
			defaultConfigurationIsVisible = 0;
			defaultConfigurationName = Release;
		};
		53C0188F216E57E600FD5DEA /* Build configuration list for PBXNativeTarget "SDL_Window_Test" */ = {
			isa = XCConfigurationList;
			buildConfigurations = (
				53C01890216E57E600FD5DEA /* Debug */,
				53C01891216E57E600FD5DEA /* Release */,
			);
			defaultConfigurationIsVisible = 0;
			defaultConfigurationName = Release;
		};
/* End XCConfigurationList section */
	};
	rootObject = 53C01880216E57E600FD5DEA /* Project object */;
}
